
Microsoft Visual Studio Solution File, Format Version 12.00
Project("{FAE04EC0-301F-11D3-BF4B-00C04F79EFBC}") = "Day1", "Day1\Day1.csproj", "{9A7D5465-66C9-40EA-AFC7-5EBE03AD3484}"
EndProject
Project("{FAE04EC0-301F-11D3-BF4B-00C04F79EFBC}") = "Utilities", "Utilities\Utilities.csproj", "{AF992CCB-DAD0-4B42-93C9-24CE47D5471D}"
EndProject
Project("{FAE04EC0-301F-11D3-BF4B-00C04F79EFBC}") = "Day2", "Day2\Day2.csproj", "{2EDE8DC6-E2BC-4572-A8A2-E524BBD10E73}"
EndProject
Project("{FAE04EC0-301F-11D3-BF4B-00C04F79EFBC}") = "Day3", "Day3\Day3.csproj", "{DD8B4297-4A19-4564-9E3B-C57E07D08611}"
EndProject
Project("{FAE04EC0-301F-11D3-BF4B-00C04F79EFBC}") = "Day4", "Day4\Day4.csproj", "{0272BB8A-32D0-4CFD-93EE-EBD4827744F5}"
EndProject
Project("{FAE04EC0-301F-11D3-BF4B-00C04F79EFBC}") = "Day5", "Day5\Day5.csproj", "{6F6F86A8-E760-431E-AAC2-2241720E22D7}"
EndProject
Project("{FAE04EC0-301F-11D3-BF4B-00C04F79EFBC}") = "Day6", "Day6\Day6.csproj", "{7ED08166-8A35-488E-A3BD-B522C9047386}"
EndProject
Project("{FAE04EC0-301F-11D3-BF4B-00C04F79EFBC}") = "Day7", "Day7\Day7.csproj", "{D6B73687-92C6-473F-BE3D-47A36AE7A890}"
EndProject
Project("{FAE04EC0-301F-11D3-BF4B-00C04F79EFBC}") = "Day8", "Day8\Day8.csproj", "{9BFBDBAE-FE83-4660-B88C-3BB1273DA4C2}"
EndProject
Project("{FAE04EC0-301F-11D3-BF4B-00C04F79EFBC}") = "Day9", "Day9\Day9.csproj", "{D381BA7E-39FC-4C40-B543-73517C03C05A}"
EndProject
Project("{FAE04EC0-301F-11D3-BF4B-00C04F79EFBC}") = "Day10", "Day10\Day10.csproj", "{3331B16E-F632-4642-B5CA-89C8885BBC78}"
EndProject
Project("{FAE04EC0-301F-11D3-BF4B-00C04F79EFBC}") = "Day11", "Day11\Day11.csproj", "{90C57832-2CA9-478C-8511-341A1788E1FD}"
EndProject
Global
	GlobalSection(SolutionConfigurationPlatforms) = preSolution
		Debug|Any CPU = Debug|Any CPU
		Release|Any CPU = Release|Any CPU
	EndGlobalSection
	GlobalSection(ProjectConfigurationPlatforms) = postSolution
		{9A7D5465-66C9-40EA-AFC7-5EBE03AD3484}.Debug|Any CPU.ActiveCfg = Debug|Any CPU
		{9A7D5465-66C9-40EA-AFC7-5EBE03AD3484}.Debug|Any CPU.Build.0 = Debug|Any CPU
		{9A7D5465-66C9-40EA-AFC7-5EBE03AD3484}.Release|Any CPU.ActiveCfg = Release|Any CPU
		{9A7D5465-66C9-40EA-AFC7-5EBE03AD3484}.Release|Any CPU.Build.0 = Release|Any CPU
		{AF992CCB-DAD0-4B42-93C9-24CE47D5471D}.Debug|Any CPU.ActiveCfg = Debug|Any CPU
		{AF992CCB-DAD0-4B42-93C9-24CE47D5471D}.Debug|Any CPU.Build.0 = Debug|Any CPU
		{AF992CCB-DAD0-4B42-93C9-24CE47D5471D}.Release|Any CPU.ActiveCfg = Release|Any CPU
		{AF992CCB-DAD0-4B42-93C9-24CE47D5471D}.Release|Any CPU.Build.0 = Release|Any CPU
		{2EDE8DC6-E2BC-4572-A8A2-E524BBD10E73}.Debug|Any CPU.ActiveCfg = Debug|Any CPU
		{2EDE8DC6-E2BC-4572-A8A2-E524BBD10E73}.Debug|Any CPU.Build.0 = Debug|Any CPU
		{2EDE8DC6-E2BC-4572-A8A2-E524BBD10E73}.Release|Any CPU.ActiveCfg = Release|Any CPU
		{2EDE8DC6-E2BC-4572-A8A2-E524BBD10E73}.Release|Any CPU.Build.0 = Release|Any CPU
		{DD8B4297-4A19-4564-9E3B-C57E07D08611}.Debug|Any CPU.ActiveCfg = Debug|Any CPU
		{DD8B4297-4A19-4564-9E3B-C57E07D08611}.Debug|Any CPU.Build.0 = Debug|Any CPU
		{DD8B4297-4A19-4564-9E3B-C57E07D08611}.Release|Any CPU.ActiveCfg = Release|Any CPU
		{DD8B4297-4A19-4564-9E3B-C57E07D08611}.Release|Any CPU.Build.0 = Release|Any CPU
		{0272BB8A-32D0-4CFD-93EE-EBD4827744F5}.Debug|Any CPU.ActiveCfg = Debug|Any CPU
		{0272BB8A-32D0-4CFD-93EE-EBD4827744F5}.Debug|Any CPU.Build.0 = Debug|Any CPU
		{0272BB8A-32D0-4CFD-93EE-EBD4827744F5}.Release|Any CPU.ActiveCfg = Release|Any CPU
		{0272BB8A-32D0-4CFD-93EE-EBD4827744F5}.Release|Any CPU.Build.0 = Release|Any CPU
		{6F6F86A8-E760-431E-AAC2-2241720E22D7}.Debug|Any CPU.ActiveCfg = Debug|Any CPU
		{6F6F86A8-E760-431E-AAC2-2241720E22D7}.Debug|Any CPU.Build.0 = Debug|Any CPU
		{6F6F86A8-E760-431E-AAC2-2241720E22D7}.Release|Any CPU.ActiveCfg = Release|Any CPU
		{6F6F86A8-E760-431E-AAC2-2241720E22D7}.Release|Any CPU.Build.0 = Release|Any CPU
		{7ED08166-8A35-488E-A3BD-B522C9047386}.Debug|Any CPU.ActiveCfg = Debug|Any CPU
		{7ED08166-8A35-488E-A3BD-B522C9047386}.Debug|Any CPU.Build.0 = Debug|Any CPU
		{7ED08166-8A35-488E-A3BD-B522C9047386}.Release|Any CPU.ActiveCfg = Release|Any CPU
		{7ED08166-8A35-488E-A3BD-B522C9047386}.Release|Any CPU.Build.0 = Release|Any CPU
		{D6B73687-92C6-473F-BE3D-47A36AE7A890}.Debug|Any CPU.ActiveCfg = Debug|Any CPU
		{D6B73687-92C6-473F-BE3D-47A36AE7A890}.Debug|Any CPU.Build.0 = Debug|Any CPU
		{D6B73687-92C6-473F-BE3D-47A36AE7A890}.Release|Any CPU.ActiveCfg = Release|Any CPU
		{D6B73687-92C6-473F-BE3D-47A36AE7A890}.Release|Any CPU.Build.0 = Release|Any CPU
		{9BFBDBAE-FE83-4660-B88C-3BB1273DA4C2}.Debug|Any CPU.ActiveCfg = Debug|Any CPU
		{9BFBDBAE-FE83-4660-B88C-3BB1273DA4C2}.Debug|Any CPU.Build.0 = Debug|Any CPU
		{9BFBDBAE-FE83-4660-B88C-3BB1273DA4C2}.Release|Any CPU.ActiveCfg = Release|Any CPU
		{9BFBDBAE-FE83-4660-B88C-3BB1273DA4C2}.Release|Any CPU.Build.0 = Release|Any CPU
		{D381BA7E-39FC-4C40-B543-73517C03C05A}.Debug|Any CPU.ActiveCfg = Debug|Any CPU
		{D381BA7E-39FC-4C40-B543-73517C03C05A}.Debug|Any CPU.Build.0 = Debug|Any CPU
		{D381BA7E-39FC-4C40-B543-73517C03C05A}.Release|Any CPU.ActiveCfg = Release|Any CPU
		{D381BA7E-39FC-4C40-B543-73517C03C05A}.Release|Any CPU.Build.0 = Release|Any CPU
		{3331B16E-F632-4642-B5CA-89C8885BBC78}.Debug|Any CPU.ActiveCfg = Debug|Any CPU
		{3331B16E-F632-4642-B5CA-89C8885BBC78}.Debug|Any CPU.Build.0 = Debug|Any CPU
		{3331B16E-F632-4642-B5CA-89C8885BBC78}.Release|Any CPU.ActiveCfg = Release|Any CPU
		{3331B16E-F632-4642-B5CA-89C8885BBC78}.Release|Any CPU.Build.0 = Release|Any CPU
		{90C57832-2CA9-478C-8511-341A1788E1FD}.Debug|Any CPU.ActiveCfg = Debug|Any CPU
		{90C57832-2CA9-478C-8511-341A1788E1FD}.Debug|Any CPU.Build.0 = Debug|Any CPU
		{90C57832-2CA9-478C-8511-341A1788E1FD}.Release|Any CPU.ActiveCfg = Release|Any CPU
		{90C57832-2CA9-478C-8511-341A1788E1FD}.Release|Any CPU.Build.0 = Release|Any CPU
	EndGlobalSection
EndGlobal
